
Microsoft Visual Studio Solution File, Format Version 12.00
# Visual Studio Version 16
VisualStudioVersion = 16.0.31911.196
MinimumVisualStudioVersion = 10.0.40219.1
Project("{FAE04EC0-301F-11D3-BF4B-00C04F79EFBC}") = "SimpleNumbers", "SimpleNumbers\SimpleNumbers.csproj", "{39980B72-7C57-4CD6-8148-52AF63B35B78}"
EndProject
Global
	GlobalSection(SolutionConfigurationPlatforms) = preSolution
		Debug|Any CPU = Debug|Any CPU
		Release|Any CPU = Release|Any CPU
	EndGlobalSection
	GlobalSection(ProjectConfigurationPlatforms) = postSolution
		{39980B72-7C57-4CD6-8148-52AF63B35B78}.Debug|Any CPU.ActiveCfg = Debug|Any CPU
		{39980B72-7C57-4CD6-8148-52AF63B35B78}.Debug|Any CPU.Build.0 = Debug|Any CPU
		{39980B72-7C57-4CD6-8148-52AF63B35B78}.Release|Any CPU.ActiveCfg = Release|Any CPU
		{39980B72-7C57-4CD6-8148-52AF63B35B78}.Release|Any CPU.Build.0 = Release|Any CPU
	EndGlobalSection
	GlobalSection(SolutionProperties) = preSolution
		HideSolutionNode = FALSE
	EndGlobalSection
	GlobalSection(ExtensibilityGlobals) = postSolution
		SolutionGuid = {2FB9D4F3-E65D-4DA2-A752-1A2D257B3D56}
	EndGlobalSection
EndGlobal
