
Microsoft Visual Studio Solution File, Format Version 12.00
# Visual Studio Version 16
VisualStudioVersion = 16.0.31911.196
MinimumVisualStudioVersion = 10.0.40219.1
Project("{FAE04EC0-301F-11D3-BF4B-00C04F79EFBC}") = "CheckNum", "CheckNum\CheckNum.csproj", "{040A4A3F-3CCB-40AC-922F-34EBCB26DFC6}"
EndProject
Global
	GlobalSection(SolutionConfigurationPlatforms) = preSolution
		Debug|Any CPU = Debug|Any CPU
		Release|Any CPU = Release|Any CPU
	EndGlobalSection
	GlobalSection(ProjectConfigurationPlatforms) = postSolution
		{040A4A3F-3CCB-40AC-922F-34EBCB26DFC6}.Debug|Any CPU.ActiveCfg = Debug|Any CPU
		{040A4A3F-3CCB-40AC-922F-34EBCB26DFC6}.Debug|Any CPU.Build.0 = Debug|Any CPU
		{040A4A3F-3CCB-40AC-922F-34EBCB26DFC6}.Release|Any CPU.ActiveCfg = Release|Any CPU
		{040A4A3F-3CCB-40AC-922F-34EBCB26DFC6}.Release|Any CPU.Build.0 = Release|Any CPU
	EndGlobalSection
	GlobalSection(SolutionProperties) = preSolution
		HideSolutionNode = FALSE
	EndGlobalSection
	GlobalSection(ExtensibilityGlobals) = postSolution
		SolutionGuid = {57F465BC-2B2A-42A4-ACCF-1524D60BBCF3}
	EndGlobalSection
EndGlobal
